
Microsoft Visual Studio Solution File, Format Version 12.00
# Visual Studio Version 16
VisualStudioVersion = 25.0.1704.1
MinimumVisualStudioVersion = 10.0.40219.1
Project("{FAE04EC0-301F-11D3-BF4B-00C04F79EFBC}") = "Proj_PSSC_Main", "Proj_PSSC_Main\Proj_PSSC_Main.csproj", "{DAA5F679-9A63-4FF0-A2B4-463F1F6D3B2E}"
EndProject
Project("{FAE04EC0-301F-11D3-BF4B-00C04F79EFBC}") = "Proj_PSSC", "..\Proj_PSSC\Proj_PSSC\Proj_PSSC.csproj", "{94B1E87A-4787-43F5-AAAB-66593196C28D}"
EndProject
Project("{FAE04EC0-301F-11D3-BF4B-00C04F79EFBC}") = "Proj_PSSC_1", "..\Proj_PSSC_1\Proj_PSSC_1\Proj_PSSC_1.csproj", "{0A1C7791-4B97-49D8-A68D-3F9AD6126DEA}"
EndProject
Project("{FAE04EC0-301F-11D3-BF4B-00C04F79EFBC}") = "Proj_PSSC_2", "..\Proj_PSSC_2\Proj_PSSC_2\Proj_PSSC_2.csproj", "{453D830C-9715-42B0-A44E-EE5D10FA2817}"
EndProject
Global
	GlobalSection(SolutionConfigurationPlatforms) = preSolution
		Debug|Any CPU = Debug|Any CPU
		Release|Any CPU = Release|Any CPU
	EndGlobalSection
	GlobalSection(ProjectConfigurationPlatforms) = postSolution
		{DAA5F679-9A63-4FF0-A2B4-463F1F6D3B2E}.Debug|Any CPU.ActiveCfg = Debug|Any CPU
		{DAA5F679-9A63-4FF0-A2B4-463F1F6D3B2E}.Debug|Any CPU.Build.0 = Debug|Any CPU
		{DAA5F679-9A63-4FF0-A2B4-463F1F6D3B2E}.Release|Any CPU.ActiveCfg = Release|Any CPU
		{DAA5F679-9A63-4FF0-A2B4-463F1F6D3B2E}.Release|Any CPU.Build.0 = Release|Any CPU
		{94B1E87A-4787-43F5-AAAB-66593196C28D}.Debug|Any CPU.ActiveCfg = Debug|Any CPU
		{94B1E87A-4787-43F5-AAAB-66593196C28D}.Debug|Any CPU.Build.0 = Debug|Any CPU
		{94B1E87A-4787-43F5-AAAB-66593196C28D}.Release|Any CPU.ActiveCfg = Release|Any CPU
		{94B1E87A-4787-43F5-AAAB-66593196C28D}.Release|Any CPU.Build.0 = Release|Any CPU
		{0A1C7791-4B97-49D8-A68D-3F9AD6126DEA}.Debug|Any CPU.ActiveCfg = Debug|Any CPU
		{0A1C7791-4B97-49D8-A68D-3F9AD6126DEA}.Debug|Any CPU.Build.0 = Debug|Any CPU
		{0A1C7791-4B97-49D8-A68D-3F9AD6126DEA}.Release|Any CPU.ActiveCfg = Release|Any CPU
		{0A1C7791-4B97-49D8-A68D-3F9AD6126DEA}.Release|Any CPU.Build.0 = Release|Any CPU
		{453D830C-9715-42B0-A44E-EE5D10FA2817}.Debug|Any CPU.ActiveCfg = Debug|Any CPU
		{453D830C-9715-42B0-A44E-EE5D10FA2817}.Debug|Any CPU.Build.0 = Debug|Any CPU
		{453D830C-9715-42B0-A44E-EE5D10FA2817}.Release|Any CPU.ActiveCfg = Release|Any CPU
		{453D830C-9715-42B0-A44E-EE5D10FA2817}.Release|Any CPU.Build.0 = Release|Any CPU
	EndGlobalSection
	GlobalSection(SolutionProperties) = preSolution
		HideSolutionNode = FALSE
	EndGlobalSection
	GlobalSection(ExtensibilityGlobals) = postSolution
		SolutionGuid = {244B23E5-540D-471E-9931-2594044A3116}
	EndGlobalSection
EndGlobal
