
Microsoft Visual Studio Solution File, Format Version 12.00
# Visual Studio Version 16
VisualStudioVersion = 25.0.1704.1
MinimumVisualStudioVersion = 10.0.40219.1
Project("{FAE04EC0-301F-11D3-BF4B-00C04F79EFBC}") = "API_PSSC", "API_PSSC\API_PSSC.csproj", "{91557214-DC97-48EA-A04E-D0F9FDE0342E}"
EndProject
Global
	GlobalSection(SolutionConfigurationPlatforms) = preSolution
		Debug|Any CPU = Debug|Any CPU
		Release|Any CPU = Release|Any CPU
	EndGlobalSection
	GlobalSection(ProjectConfigurationPlatforms) = postSolution
		{91557214-DC97-48EA-A04E-D0F9FDE0342E}.Debug|Any CPU.ActiveCfg = Debug|Any CPU
		{91557214-DC97-48EA-A04E-D0F9FDE0342E}.Debug|Any CPU.Build.0 = Debug|Any CPU
		{91557214-DC97-48EA-A04E-D0F9FDE0342E}.Release|Any CPU.ActiveCfg = Release|Any CPU
		{91557214-DC97-48EA-A04E-D0F9FDE0342E}.Release|Any CPU.Build.0 = Release|Any CPU
	EndGlobalSection
	GlobalSection(SolutionProperties) = preSolution
		HideSolutionNode = FALSE
	EndGlobalSection
	GlobalSection(ExtensibilityGlobals) = postSolution
		SolutionGuid = {99CAB4E5-B43F-4904-A438-6D1C54B7340C}
	EndGlobalSection
EndGlobal
