
Microsoft Visual Studio Solution File, Format Version 12.00
# Visual Studio Version 16
VisualStudioVersion = 25.0.1704.1
MinimumVisualStudioVersion = 10.0.40219.1
Project("{FAE04EC0-301F-11D3-BF4B-00C04F79EFBC}") = "Proj_PSSC_1", "Proj_PSSC_1\Proj_PSSC_1.csproj", "{016241B9-A6F0-4D3A-A40F-BC7FEBDC1160}"
EndProject
Global
	GlobalSection(SolutionConfigurationPlatforms) = preSolution
		Debug|Any CPU = Debug|Any CPU
		Release|Any CPU = Release|Any CPU
	EndGlobalSection
	GlobalSection(ProjectConfigurationPlatforms) = postSolution
		{016241B9-A6F0-4D3A-A40F-BC7FEBDC1160}.Debug|Any CPU.ActiveCfg = Debug|Any CPU
		{016241B9-A6F0-4D3A-A40F-BC7FEBDC1160}.Debug|Any CPU.Build.0 = Debug|Any CPU
		{016241B9-A6F0-4D3A-A40F-BC7FEBDC1160}.Release|Any CPU.ActiveCfg = Release|Any CPU
		{016241B9-A6F0-4D3A-A40F-BC7FEBDC1160}.Release|Any CPU.Build.0 = Release|Any CPU
	EndGlobalSection
	GlobalSection(SolutionProperties) = preSolution
		HideSolutionNode = FALSE
	EndGlobalSection
	GlobalSection(ExtensibilityGlobals) = postSolution
		SolutionGuid = {4B7F207B-4EBD-4948-B18D-7F6C83D80E7F}
	EndGlobalSection
EndGlobal
